
Microsoft Visual Studio Solution File, Format Version 12.00
# Visual Studio 15
VisualStudioVersion = 15.0.27130.2036
MinimumVisualStudioVersion = 10.0.40219.1
Project("{8BC9CEB8-8B4A-11D0-8D11-00A0C91BC942}") = "Binomial_Pricer", "Binomial_Pricer\Binomial_Pricer.vcxproj", "{222C6F6E-BD5A-427D-A902-43088C905E8D}"
EndProject
Global
	GlobalSection(SolutionConfigurationPlatforms) = preSolution
		Debug|x64 = Debug|x64
		Debug|x86 = Debug|x86
		Release|x64 = Release|x64
		Release|x86 = Release|x86
	EndGlobalSection
	GlobalSection(ProjectConfigurationPlatforms) = postSolution
		{222C6F6E-BD5A-427D-A902-43088C905E8D}.Debug|x64.ActiveCfg = Debug|x64
		{222C6F6E-BD5A-427D-A902-43088C905E8D}.Debug|x64.Build.0 = Debug|x64
		{222C6F6E-BD5A-427D-A902-43088C905E8D}.Debug|x86.ActiveCfg = Debug|Win32
		{222C6F6E-BD5A-427D-A902-43088C905E8D}.Debug|x86.Build.0 = Debug|Win32
		{222C6F6E-BD5A-427D-A902-43088C905E8D}.Release|x64.ActiveCfg = Release|x64
		{222C6F6E-BD5A-427D-A902-43088C905E8D}.Release|x64.Build.0 = Release|x64
		{222C6F6E-BD5A-427D-A902-43088C905E8D}.Release|x86.ActiveCfg = Release|Win32
		{222C6F6E-BD5A-427D-A902-43088C905E8D}.Release|x86.Build.0 = Release|Win32
	EndGlobalSection
	GlobalSection(SolutionProperties) = preSolution
		HideSolutionNode = FALSE
	EndGlobalSection
	GlobalSection(ExtensibilityGlobals) = postSolution
		SolutionGuid = {F8E6C181-3CCB-4013-9B23-45B8AFD095B9}
	EndGlobalSection
EndGlobal
